
Microsoft Visual Studio Solution File, Format Version 12.00
# Visual Studio Version 16
VisualStudioVersion = 16.0.29613.14
MinimumVisualStudioVersion = 10.0.40219.1
Project("{FAE04EC0-301F-11D3-BF4B-00C04F79EFBC}") = "SudokuSolver", "SudokuSolver\SudokuSolver.csproj", "{C6997E0F-C916-4031-ABEC-2E47D85D0793}"
EndProject
Global
	GlobalSection(SolutionConfigurationPlatforms) = preSolution
		Debug|Any CPU = Debug|Any CPU
		Release|Any CPU = Release|Any CPU
	EndGlobalSection
	GlobalSection(ProjectConfigurationPlatforms) = postSolution
		{C6997E0F-C916-4031-ABEC-2E47D85D0793}.Debug|Any CPU.ActiveCfg = Debug|Any CPU
		{C6997E0F-C916-4031-ABEC-2E47D85D0793}.Debug|Any CPU.Build.0 = Debug|Any CPU
		{C6997E0F-C916-4031-ABEC-2E47D85D0793}.Release|Any CPU.ActiveCfg = Release|Any CPU
		{C6997E0F-C916-4031-ABEC-2E47D85D0793}.Release|Any CPU.Build.0 = Release|Any CPU
	EndGlobalSection
	GlobalSection(SolutionProperties) = preSolution
		HideSolutionNode = FALSE
	EndGlobalSection
	GlobalSection(ExtensibilityGlobals) = postSolution
		SolutionGuid = {04C9BD58-BA23-4301-AFB8-646BE742BCBB}
	EndGlobalSection
EndGlobal
